// !$*UTF8*$!
{
	archiveVersion = 1;
	classes = {
	};
	objectVersion = 46;
	objects = {

/* Begin PBXBuildFile section */
		3C8E37CF180E0B220064C912 /* Picture.png in Resources */ = {isa = PBXBuildFile; fileRef = 3C8E37CE180E0B220064C912 /* Picture.png */; };
		3C8E37D1180E0B7A0064C912 /* eraser.png in Resources */ = {isa = PBXBuildFile; fileRef = 3C8E37D0180E0B7A0064C912 /* eraser.png */; };
		3C8E37D3180E0B9C0064C912 /* arrow-circular.png in Resources */ = {isa = PBXBuildFile; fileRef = 3C8E37D2180E0B9C0064C912 /* arrow-circular.png */; };
		3C8E37D5180E0BD40064C912 /* crop.png in Resources */ = {isa = PBXBuildFile; fileRef = 3C8E37D4180E0BD40064C912 /* crop.png */; };
		3C8E37D7180E0C440064C912 /* cut.png in Resources */ = {isa = PBXBuildFile; fileRef = 3C8E37D6180E0C440064C912 /* cut.png */; };
		3CA8733617D9546C0095A557 /* Foundation.framework in Frameworks */ = {isa = PBXBuildFile; fileRef = 3CA8733517D9546C0095A557 /* Foundation.framework */; };
		3CA8733817D9546C0095A557 /* CoreGraphics.framework in Frameworks */ = {isa = PBXBuildFile; fileRef = 3CA8733717D9546C0095A557 /* CoreGraphics.framework */; };
		3CA8733A17D9546C0095A557 /* UIKit.framework in Frameworks */ = {isa = PBXBuildFile; fileRef = 3CA8733917D9546C0095A557 /* UIKit.framework */; };
		3CA8734017D9546C0095A557 /* InfoPlist.strings in Resources */ = {isa = PBXBuildFile; fileRef = 3CA8733E17D9546C0095A557 /* InfoPlist.strings */; };
		3CA8734217D9546C0095A557 /* main.m in Sources */ = {isa = PBXBuildFile; fileRef = 3CA8734117D9546C0095A557 /* main.m */; };
		3CA8734617D9546C0095A557 /* AppDelegate.m in Sources */ = {isa = PBXBuildFile; fileRef = 3CA8734517D9546C0095A557 /* AppDelegate.m */; };
		3CA8734917D9546C0095A557 /* Main_iPhone.storyboard in Resources */ = {isa = PBXBuildFile; fileRef = 3CA8734717D9546C0095A557 /* Main_iPhone.storyboard */; };
		3CA8734C17D9546C0095A557 /* Main_iPad.storyboard in Resources */ = {isa = PBXBuildFile; fileRef = 3CA8734A17D9546C0095A557 /* Main_iPad.storyboard */; };
		3CA8734F17D9546C0095A557 /* ViewController.m in Sources */ = {isa = PBXBuildFile; fileRef = 3CA8734E17D9546C0095A557 /* ViewController.m */; };
		3CA8735117D9546C0095A557 /* Images.xcassets in Resources */ = {isa = PBXBuildFile; fileRef = 3CA8735017D9546C0095A557 /* Images.xcassets */; };
		3CA8735817D9546C0095A557 /* XCTest.framework in Frameworks */ = {isa = PBXBuildFile; fileRef = 3CA8735717D9546C0095A557 /* XCTest.framework */; };
		3CA8735917D9546C0095A557 /* Foundation.framework in Frameworks */ = {isa = PBXBuildFile; fileRef = 3CA8733517D9546C0095A557 /* Foundation.framework */; };
		3CA8735A17D9546C0095A557 /* UIKit.framework in Frameworks */ = {isa = PBXBuildFile; fileRef = 3CA8733917D9546C0095A557 /* UIKit.framework */; };
		3CA8736217D9546C0095A557 /* InfoPlist.strings in Resources */ = {isa = PBXBuildFile; fileRef = 3CA8736017D9546C0095A557 /* InfoPlist.strings */; };
		3CA8736417D9546C0095A557 /* shineeraserTests.m in Sources */ = {isa = PBXBuildFile; fileRef = 3CA8736317D9546C0095A557 /* shineeraserTests.m */; };
		DE1EAD07181EDC4000A5856E /* CropViewController.m in Sources */ = {isa = PBXBuildFile; fileRef = DE1EAD06181EDC4000A5856E /* CropViewController.m */; };
		DE1EAD13181EEACB00A5856E /* YKImageCropperOverlayView.m in Sources */ = {isa = PBXBuildFile; fileRef = DE1EAD0E181EEACB00A5856E /* YKImageCropperOverlayView.m */; };
		DE1EAD14181EEACB00A5856E /* YKImageCropperView.m in Sources */ = {isa = PBXBuildFile; fileRef = DE1EAD10181EEACB00A5856E /* YKImageCropperView.m */; };
		DE1EAD15181EEACB00A5856E /* YKImageCropperViewController.m in Sources */ = {isa = PBXBuildFile; fileRef = DE1EAD12181EEACB00A5856E /* YKImageCropperViewController.m */; };
		DE5C9924181ED72200B5EBAE /* AppController.m in Sources */ = {isa = PBXBuildFile; fileRef = DE5C9923181ED72200B5EBAE /* AppController.m */; };
		DE9AE62A18217E3200F57E89 /* engineering-32.png in Resources */ = {isa = PBXBuildFile; fileRef = DE9AE62918217E3200F57E89 /* engineering-32.png */; };
		DE9AE62E18218B0800F57E89 /* SettingsViewController.m in Sources */ = {isa = PBXBuildFile; fileRef = DE9AE62D18218B0800F57E89 /* SettingsViewController.m */; };
		DE9AE6391822CD2C00F57E89 /* camera_photo_120_120.png in Resources */ = {isa = PBXBuildFile; fileRef = DE9AE6381822CD2C00F57E89 /* camera_photo_120_120.png */; };
		DE9AE63B1822D19100F57E89 /* camera_photo_1024_1024.png in Resources */ = {isa = PBXBuildFile; fileRef = DE9AE63A1822D19100F57E89 /* camera_photo_1024_1024.png */; };
		DE9AE63F1822D65400F57E89 /* camera_launch.png in Resources */ = {isa = PBXBuildFile; fileRef = DE9AE63E1822D65400F57E89 /* camera_launch.png */; };
		DE9AE6411822D7FA00F57E89 /* Default-568h@2x.png in Resources */ = {isa = PBXBuildFile; fileRef = DE9AE6401822D7FA00F57E89 /* Default-568h@2x.png */; };
		DE9AE64E1822EB5100F57E89 /* libFlurry_4.3.0.a in Frameworks */ = {isa = PBXBuildFile; fileRef = DE9AE64D1822EB5100F57E89 /* libFlurry_4.3.0.a */; };
/* End PBXBuildFile section */

/* Begin PBXContainerItemProxy section */
		3CA8735B17D9546C0095A557 /* PBXContainerItemProxy */ = {
			isa = PBXContainerItemProxy;
			containerPortal = 3CA8732A17D9546C0095A557 /* Project object */;
			proxyType = 1;
			remoteGlobalIDString = 3CA8733117D9546C0095A557;
			remoteInfo = shineeraser;
		};
/* End PBXContainerItemProxy section */

/* Begin PBXFileReference section */
		3C8E37CE180E0B220064C912 /* Picture.png */ = {isa = PBXFileReference; lastKnownFileType = image.png; path = Picture.png; sourceTree = "<group>"; };
		3C8E37D0180E0B7A0064C912 /* eraser.png */ = {isa = PBXFileReference; lastKnownFileType = image.png; path = eraser.png; sourceTree = "<group>"; };
		3C8E37D2180E0B9C0064C912 /* arrow-circular.png */ = {isa = PBXFileReference; lastKnownFileType = image.png; path = "arrow-circular.png"; sourceTree = "<group>"; };
		3C8E37D4180E0BD40064C912 /* crop.png */ = {isa = PBXFileReference; lastKnownFileType = image.png; path = crop.png; sourceTree = "<group>"; };
		3C8E37D6180E0C440064C912 /* cut.png */ = {isa = PBXFileReference; lastKnownFileType = image.png; path = cut.png; sourceTree = "<group>"; };
		3CA8733217D9546C0095A557 /* shineeraser.app */ = {isa = PBXFileReference; explicitFileType = wrapper.application; includeInIndex = 0; path = shineeraser.app; sourceTree = BUILT_PRODUCTS_DIR; };
		3CA8733517D9546C0095A557 /* Foundation.framework */ = {isa = PBXFileReference; lastKnownFileType = wrapper.framework; name = Foundation.framework; path = System/Library/Frameworks/Foundation.framework; sourceTree = SDKROOT; };
		3CA8733717D9546C0095A557 /* CoreGraphics.framework */ = {isa = PBXFileReference; lastKnownFileType = wrapper.framework; name = CoreGraphics.framework; path = System/Library/Frameworks/CoreGraphics.framework; sourceTree = SDKROOT; };
		3CA8733917D9546C0095A557 /* UIKit.framework */ = {isa = PBXFileReference; lastKnownFileType = wrapper.framework; name = UIKit.framework; path = System/Library/Frameworks/UIKit.framework; sourceTree = SDKROOT; };
		3CA8733D17D9546C0095A557 /* shineeraser-Info.plist */ = {isa = PBXFileReference; lastKnownFileType = text.plist.xml; path = "shineeraser-Info.plist"; sourceTree = "<group>"; };
		3CA8733F17D9546C0095A557 /* en */ = {isa = PBXFileReference; lastKnownFileType = text.plist.strings; name = en; path = en.lproj/InfoPlist.strings; sourceTree = "<group>"; };
		3CA8734117D9546C0095A557 /* main.m */ = {isa = PBXFileReference; lastKnownFileType = sourcecode.c.objc; path = main.m; sourceTree = "<group>"; };
		3CA8734317D9546C0095A557 /* shineeraser-Prefix.pch */ = {isa = PBXFileReference; lastKnownFileType = sourcecode.c.h; path = "shineeraser-Prefix.pch"; sourceTree = "<group>"; };
		3CA8734417D9546C0095A557 /* AppDelegate.h */ = {isa = PBXFileReference; lastKnownFileType = sourcecode.c.h; path = AppDelegate.h; sourceTree = "<group>"; };
		3CA8734517D9546C0095A557 /* AppDelegate.m */ = {isa = PBXFileReference; lastKnownFileType = sourcecode.c.objc; path = AppDelegate.m; sourceTree = "<group>"; };
		3CA8734817D9546C0095A557 /* Base */ = {isa = PBXFileReference; lastKnownFileType = file.storyboard; name = Base; path = Base.lproj/Main_iPhone.storyboard; sourceTree = "<group>"; };
		3CA8734B17D9546C0095A557 /* Base */ = {isa = PBXFileReference; lastKnownFileType = file.storyboard; name = Base; path = Base.lproj/Main_iPad.storyboard; sourceTree = "<group>"; };
		3CA8734D17D9546C0095A557 /* ViewController.h */ = {isa = PBXFileReference; lastKnownFileType = sourcecode.c.h; path = ViewController.h; sourceTree = "<group>"; };
		3CA8734E17D9546C0095A557 /* ViewController.m */ = {isa = PBXFileReference; lastKnownFileType = sourcecode.c.objc; path = ViewController.m; sourceTree = "<group>"; };
		3CA8735017D9546C0095A557 /* Images.xcassets */ = {isa = PBXFileReference; lastKnownFileType = folder.assetcatalog; path = Images.xcassets; sourceTree = "<group>"; };
		3CA8735617D9546C0095A557 /* shineeraserTests.xctest */ = {isa = PBXFileReference; explicitFileType = wrapper.cfbundle; includeInIndex = 0; path = shineeraserTests.xctest; sourceTree = BUILT_PRODUCTS_DIR; };
		3CA8735717D9546C0095A557 /* XCTest.framework */ = {isa = PBXFileReference; lastKnownFileType = wrapper.framework; name = XCTest.framework; path = Library/Frameworks/XCTest.framework; sourceTree = DEVELOPER_DIR; };
		3CA8735F17D9546C0095A557 /* shineeraserTests-Info.plist */ = {isa = PBXFileReference; lastKnownFileType = text.plist.xml; path = "shineeraserTests-Info.plist"; sourceTree = "<group>"; };
		3CA8736117D9546C0095A557 /* en */ = {isa = PBXFileReference; lastKnownFileType = text.plist.strings; name = en; path = en.lproj/InfoPlist.strings; sourceTree = "<group>"; };
		3CA8736317D9546C0095A557 /* shineeraserTests.m */ = {isa = PBXFileReference; lastKnownFileType = sourcecode.c.objc; path = shineeraserTests.m; sourceTree = "<group>"; };
		DE1EAD05181EDC4000A5856E /* CropViewController.h */ = {isa = PBXFileReference; fileEncoding = 4; lastKnownFileType = sourcecode.c.h; path = CropViewController.h; sourceTree = "<group>"; };
		DE1EAD06181EDC4000A5856E /* CropViewController.m */ = {isa = PBXFileReference; fileEncoding = 4; lastKnownFileType = sourcecode.c.objc; path = CropViewController.m; sourceTree = "<group>"; };
		DE1EAD0D181EEACB00A5856E /* YKImageCropperOverlayView.h */ = {isa = PBXFileReference; fileEncoding = 4; lastKnownFileType = sourcecode.c.h; path = YKImageCropperOverlayView.h; sourceTree = "<group>"; };
		DE1EAD0E181EEACB00A5856E /* YKImageCropperOverlayView.m */ = {isa = PBXFileReference; fileEncoding = 4; lastKnownFileType = sourcecode.c.objc; path = YKImageCropperOverlayView.m; sourceTree = "<group>"; };
		DE1EAD0F181EEACB00A5856E /* YKImageCropperView.h */ = {isa = PBXFileReference; fileEncoding = 4; lastKnownFileType = sourcecode.c.h; path = YKImageCropperView.h; sourceTree = "<group>"; };
		DE1EAD10181EEACB00A5856E /* YKImageCropperView.m */ = {isa = PBXFileReference; fileEncoding = 4; lastKnownFileType = sourcecode.c.objc; path = YKImageCropperView.m; sourceTree = "<group>"; };
		DE1EAD11181EEACB00A5856E /* YKImageCropperViewController.h */ = {isa = PBXFileReference; fileEncoding = 4; lastKnownFileType = sourcecode.c.h; path = YKImageCropperViewController.h; sourceTree = "<group>"; };
		DE1EAD12181EEACB00A5856E /* YKImageCropperViewController.m */ = {isa = PBXFileReference; fileEncoding = 4; lastKnownFileType = sourcecode.c.objc; path = YKImageCropperViewController.m; sourceTree = "<group>"; };
		DE5C9922181ED72200B5EBAE /* AppController.h */ = {isa = PBXFileReference; fileEncoding = 4; lastKnownFileType = sourcecode.c.h; path = AppController.h; sourceTree = "<group>"; };
		DE5C9923181ED72200B5EBAE /* AppController.m */ = {isa = PBXFileReference; fileEncoding = 4; lastKnownFileType = sourcecode.c.objc; path = AppController.m; sourceTree = "<group>"; };
		DE9AE62918217E3200F57E89 /* engineering-32.png */ = {isa = PBXFileReference; lastKnownFileType = image.png; path = "engineering-32.png"; sourceTree = "<group>"; };
		DE9AE62C18218B0800F57E89 /* SettingsViewController.h */ = {isa = PBXFileReference; fileEncoding = 4; lastKnownFileType = sourcecode.c.h; path = SettingsViewController.h; sourceTree = "<group>"; };
		DE9AE62D18218B0800F57E89 /* SettingsViewController.m */ = {isa = PBXFileReference; fileEncoding = 4; lastKnownFileType = sourcecode.c.objc; path = SettingsViewController.m; sourceTree = "<group>"; };
		DE9AE6371822CCB700F57E89 /* camera_photo.png */ = {isa = PBXFileReference; lastKnownFileType = image.png; name = camera_photo.png; path = ../camera_photo.png; sourceTree = "<group>"; };
		DE9AE6381822CD2C00F57E89 /* camera_photo_120_120.png */ = {isa = PBXFileReference; lastKnownFileType = image.png; path = camera_photo_120_120.png; sourceTree = "<group>"; };
		DE9AE63A1822D19100F57E89 /* camera_photo_1024_1024.png */ = {isa = PBXFileReference; lastKnownFileType = image.png; path = camera_photo_1024_1024.png; sourceTree = "<group>"; };
		DE9AE63E1822D65400F57E89 /* camera_launch.png */ = {isa = PBXFileReference; lastKnownFileType = image.png; path = camera_launch.png; sourceTree = "<group>"; };
		DE9AE6401822D7FA00F57E89 /* Default-568h@2x.png */ = {isa = PBXFileReference; lastKnownFileType = image.png; path = "Default-568h@2x.png"; sourceTree = "<group>"; };
		DE9AE64C1822EB5100F57E89 /* Flurry.h */ = {isa = PBXFileReference; fileEncoding = 4; lastKnownFileType = sourcecode.c.h; path = Flurry.h; sourceTree = "<group>"; };
		DE9AE64D1822EB5100F57E89 /* libFlurry_4.3.0.a */ = {isa = PBXFileReference; lastKnownFileType = archive.ar; path = libFlurry_4.3.0.a; sourceTree = "<group>"; };
/* End PBXFileReference section */

/* Begin PBXFrameworksBuildPhase section */
		3CA8732F17D9546C0095A557 /* Frameworks */ = {
			isa = PBXFrameworksBuildPhase;
			buildActionMask = 2147483647;
			files = (
				3CA8733817D9546C0095A557 /* CoreGraphics.framework in Frameworks */,
				DE9AE64E1822EB5100F57E89 /* libFlurry_4.3.0.a in Frameworks */,
				3CA8733A17D9546C0095A557 /* UIKit.framework in Frameworks */,
				3CA8733617D9546C0095A557 /* Foundation.framework in Frameworks */,
			);
			runOnlyForDeploymentPostprocessing = 0;
		};
		3CA8735317D9546C0095A557 /* Frameworks */ = {
			isa = PBXFrameworksBuildPhase;
			buildActionMask = 2147483647;
			files = (
				3CA8735817D9546C0095A557 /* XCTest.framework in Frameworks */,
				3CA8735A17D9546C0095A557 /* UIKit.framework in Frameworks */,
				3CA8735917D9546C0095A557 /* Foundation.framework in Frameworks */,
			);
			runOnlyForDeploymentPostprocessing = 0;
		};
/* End PBXFrameworksBuildPhase section */

/* Begin PBXGroup section */
		3C8E37CB180E0A670064C912 /* Images */ = {
			isa = PBXGroup;
			children = (
				DE9AE63E1822D65400F57E89 /* camera_launch.png */,
				DE9AE63A1822D19100F57E89 /* camera_photo_1024_1024.png */,
				DE9AE6381822CD2C00F57E89 /* camera_photo_120_120.png */,
				DE9AE6371822CCB700F57E89 /* camera_photo.png */,
				DE9AE62918217E3200F57E89 /* engineering-32.png */,
				3C8E37D6180E0C440064C912 /* cut.png */,
				3C8E37D4180E0BD40064C912 /* crop.png */,
				3C8E37D2180E0B9C0064C912 /* arrow-circular.png */,
				3C8E37D0180E0B7A0064C912 /* eraser.png */,
				3C8E37CE180E0B220064C912 /* Picture.png */,
			);
			name = Images;
			sourceTree = "<group>";
		};
		3CA8732917D9546C0095A557 = {
			isa = PBXGroup;
			children = (
				DE9AE64B1822EB5100F57E89 /* Flurry */,
				DE9AE6401822D7FA00F57E89 /* Default-568h@2x.png */,
				3CA8733B17D9546C0095A557 /* shineeraser */,
				3CA8735D17D9546C0095A557 /* shineeraserTests */,
				3CA8733417D9546C0095A557 /* Frameworks */,
				3CA8733317D9546C0095A557 /* Products */,
			);
			sourceTree = "<group>";
		};
		3CA8733317D9546C0095A557 /* Products */ = {
			isa = PBXGroup;
			children = (
				3CA8733217D9546C0095A557 /* shineeraser.app */,
				3CA8735617D9546C0095A557 /* shineeraserTests.xctest */,
			);
			name = Products;
			sourceTree = "<group>";
		};
		3CA8733417D9546C0095A557 /* Frameworks */ = {
			isa = PBXGroup;
			children = (
				3CA8733517D9546C0095A557 /* Foundation.framework */,
				3CA8733717D9546C0095A557 /* CoreGraphics.framework */,
				3CA8733917D9546C0095A557 /* UIKit.framework */,
				3CA8735717D9546C0095A557 /* XCTest.framework */,
			);
			name = Frameworks;
			sourceTree = "<group>";
		};
		3CA8733B17D9546C0095A557 /* shineeraser */ = {
			isa = PBXGroup;
			children = (
				DE9AE62B18218AF600F57E89 /* Settings */,
				DE1EAD0C181EEAB600A5856E /* YKImageCropper */,
				DE5C9921181ED70F00B5EBAE /* AppController */,
				DE5C991C181ED6C000B5EBAE /* Crop */,
				3CA8734417D9546C0095A557 /* AppDelegate.h */,
				3CA8734517D9546C0095A557 /* AppDelegate.m */,
				3CA8734717D9546C0095A557 /* Main_iPhone.storyboard */,
				3CA8734A17D9546C0095A557 /* Main_iPad.storyboard */,
				3CA8734D17D9546C0095A557 /* ViewController.h */,
				3CA8734E17D9546C0095A557 /* ViewController.m */,
				3CA8735017D9546C0095A557 /* Images.xcassets */,
				3CA8733C17D9546C0095A557 /* Supporting Files */,
			);
			path = shineeraser;
			sourceTree = "<group>";
		};
		3CA8733C17D9546C0095A557 /* Supporting Files */ = {
			isa = PBXGroup;
			children = (
				3C8E37CB180E0A670064C912 /* Images */,
				3CA8733D17D9546C0095A557 /* shineeraser-Info.plist */,
				3CA8733E17D9546C0095A557 /* InfoPlist.strings */,
				3CA8734117D9546C0095A557 /* main.m */,
				3CA8734317D9546C0095A557 /* shineeraser-Prefix.pch */,
			);
			name = "Supporting Files";
			sourceTree = "<group>";
		};
		3CA8735D17D9546C0095A557 /* shineeraserTests */ = {
			isa = PBXGroup;
			children = (
				3CA8736317D9546C0095A557 /* shineeraserTests.m */,
				3CA8735E17D9546C0095A557 /* Supporting Files */,
			);
			path = shineeraserTests;
			sourceTree = "<group>";
		};
		3CA8735E17D9546C0095A557 /* Supporting Files */ = {
			isa = PBXGroup;
			children = (
				3CA8735F17D9546C0095A557 /* shineeraserTests-Info.plist */,
				3CA8736017D9546C0095A557 /* InfoPlist.strings */,
			);
			name = "Supporting Files";
			sourceTree = "<group>";
		};
		DE1EAD0C181EEAB600A5856E /* YKImageCropper */ = {
			isa = PBXGroup;
			children = (
				DE1EAD0D181EEACB00A5856E /* YKImageCropperOverlayView.h */,
				DE1EAD0E181EEACB00A5856E /* YKImageCropperOverlayView.m */,
				DE1EAD0F181EEACB00A5856E /* YKImageCropperView.h */,
				DE1EAD10181EEACB00A5856E /* YKImageCropperView.m */,
				DE1EAD11181EEACB00A5856E /* YKImageCropperViewController.h */,
				DE1EAD12181EEACB00A5856E /* YKImageCropperViewController.m */,
			);
			name = YKImageCropper;
			sourceTree = "<group>";
		};
		DE5C991C181ED6C000B5EBAE /* Crop */ = {
			isa = PBXGroup;
			children = (
				DE1EAD05181EDC4000A5856E /* CropViewController.h */,
				DE1EAD06181EDC4000A5856E /* CropViewController.m */,
			);
			name = Crop;
			sourceTree = "<group>";
		};
		DE5C9921181ED70F00B5EBAE /* AppController */ = {
			isa = PBXGroup;
			children = (
				DE5C9922181ED72200B5EBAE /* AppController.h */,
				DE5C9923181ED72200B5EBAE /* AppController.m */,
			);
			name = AppController;
			sourceTree = "<group>";
		};
		DE9AE62B18218AF600F57E89 /* Settings */ = {
			isa = PBXGroup;
			children = (
				DE9AE62C18218B0800F57E89 /* SettingsViewController.h */,
				DE9AE62D18218B0800F57E89 /* SettingsViewController.m */,
			);
			name = Settings;
			sourceTree = "<group>";
		};
		DE9AE64B1822EB5100F57E89 /* Flurry */ = {
			isa = PBXGroup;
			children = (
				DE9AE64C1822EB5100F57E89 /* Flurry.h */,
				DE9AE64D1822EB5100F57E89 /* libFlurry_4.3.0.a */,
			);
			path = Flurry;
			sourceTree = "<group>";
		};
/* End PBXGroup section */

/* Begin PBXNativeTarget section */
		3CA8733117D9546C0095A557 /* shineeraser */ = {
			isa = PBXNativeTarget;
			buildConfigurationList = 3CA8736717D9546C0095A557 /* Build configuration list for PBXNativeTarget "shineeraser" */;
			buildPhases = (
				3CA8732E17D9546C0095A557 /* Sources */,
				3CA8732F17D9546C0095A557 /* Frameworks */,
				3CA8733017D9546C0095A557 /* Resources */,
			);
			buildRules = (
			);
			dependencies = (
			);
			name = shineeraser;
			productName = shineeraser;
			productReference = 3CA8733217D9546C0095A557 /* shineeraser.app */;
			productType = "com.apple.product-type.application";
		};
		3CA8735517D9546C0095A557 /* shineeraserTests */ = {
			isa = PBXNativeTarget;
			buildConfigurationList = 3CA8736A17D9546C0095A557 /* Build configuration list for PBXNativeTarget "shineeraserTests" */;
			buildPhases = (
				3CA8735217D9546C0095A557 /* Sources */,
				3CA8735317D9546C0095A557 /* Frameworks */,
				3CA8735417D9546C0095A557 /* Resources */,
			);
			buildRules = (
			);
			dependencies = (
				3CA8735C17D9546C0095A557 /* PBXTargetDependency */,
			);
			name = shineeraserTests;
			productName = shineeraserTests;
			productReference = 3CA8735617D9546C0095A557 /* shineeraserTests.xctest */;
			productType = "com.apple.product-type.bundle.unit-test";
		};
/* End PBXNativeTarget section */

/* Begin PBXProject section */
		3CA8732A17D9546C0095A557 /* Project object */ = {
			isa = PBXProject;
			attributes = {
				LastUpgradeCheck = 0500;
				ORGANIZATIONNAME = "Shane Dickson";
				TargetAttributes = {
					3CA8733117D9546C0095A557 = {
						DevelopmentTeam = C5B6D5ZCDE;
					};
					3CA8735517D9546C0095A557 = {
						TestTargetID = 3CA8733117D9546C0095A557;
					};
				};
			};
			buildConfigurationList = 3CA8732D17D9546C0095A557 /* Build configuration list for PBXProject "shineeraser" */;
			compatibilityVersion = "Xcode 3.2";
			developmentRegion = English;
			hasScannedForEncodings = 0;
			knownRegions = (
				en,
				Base,
			);
			mainGroup = 3CA8732917D9546C0095A557;
			productRefGroup = 3CA8733317D9546C0095A557 /* Products */;
			projectDirPath = "";
			projectRoot = "";
			targets = (
				3CA8733117D9546C0095A557 /* shineeraser */,
				3CA8735517D9546C0095A557 /* shineeraserTests */,
			);
		};
/* End PBXProject section */

/* Begin PBXResourcesBuildPhase section */
		3CA8733017D9546C0095A557 /* Resources */ = {
			isa = PBXResourcesBuildPhase;
			buildActionMask = 2147483647;
			files = (
				3CA8734C17D9546C0095A557 /* Main_iPad.storyboard in Resources */,
				3C8E37D1180E0B7A0064C912 /* eraser.png in Resources */,
				3C8E37D3180E0B9C0064C912 /* arrow-circular.png in Resources */,
				DE9AE63F1822D65400F57E89 /* camera_launch.png in Resources */,
				DE9AE63B1822D19100F57E89 /* camera_photo_1024_1024.png in Resources */,
				DE9AE6411822D7FA00F57E89 /* Default-568h@2x.png in Resources */,
				3C8E37D7180E0C440064C912 /* cut.png in Resources */,
				DE9AE62A18217E3200F57E89 /* engineering-32.png in Resources */,
				3CA8735117D9546C0095A557 /* Images.xcassets in Resources */,
				DE9AE6391822CD2C00F57E89 /* camera_photo_120_120.png in Resources */,
				3C8E37CF180E0B220064C912 /* Picture.png in Resources */,
				3CA8734917D9546C0095A557 /* Main_iPhone.storyboard in Resources */,
				3CA8734017D9546C0095A557 /* InfoPlist.strings in Resources */,
				3C8E37D5180E0BD40064C912 /* crop.png in Resources */,
			);
			runOnlyForDeploymentPostprocessing = 0;
		};
		3CA8735417D9546C0095A557 /* Resources */ = {
			isa = PBXResourcesBuildPhase;
			buildActionMask = 2147483647;
			files = (
				3CA8736217D9546C0095A557 /* InfoPlist.strings in Resources */,
			);
			runOnlyForDeploymentPostprocessing = 0;
		};
/* End PBXResourcesBuildPhase section */

/* Begin PBXSourcesBuildPhase section */
		3CA8732E17D9546C0095A557 /* Sources */ = {
			isa = PBXSourcesBuildPhase;
			buildActionMask = 2147483647;
			files = (
				3CA8734F17D9546C0095A557 /* ViewController.m in Sources */,
				DE1EAD14181EEACB00A5856E /* YKImageCropperView.m in Sources */,
				DE1EAD15181EEACB00A5856E /* YKImageCropperViewController.m in Sources */,
				DE9AE62E18218B0800F57E89 /* SettingsViewController.m in Sources */,
				3CA8734617D9546C0095A557 /* AppDelegate.m in Sources */,
				DE1EAD07181EDC4000A5856E /* CropViewController.m in Sources */,
				DE5C9924181ED72200B5EBAE /* AppController.m in Sources */,
				3CA8734217D9546C0095A557 /* main.m in Sources */,
				DE1EAD13181EEACB00A5856E /* YKImageCropperOverlayView.m in Sources */,
			);
			runOnlyForDeploymentPostprocessing = 0;
		};
		3CA8735217D9546C0095A557 /* Sources */ = {
			isa = PBXSourcesBuildPhase;
			buildActionMask = 2147483647;
			files = (
				3CA8736417D9546C0095A557 /* shineeraserTests.m in Sources */,
			);
			runOnlyForDeploymentPostprocessing = 0;
		};
/* End PBXSourcesBuildPhase section */

/* Begin PBXTargetDependency section */
		3CA8735C17D9546C0095A557 /* PBXTargetDependency */ = {
			isa = PBXTargetDependency;
			target = 3CA8733117D9546C0095A557 /* shineeraser */;
			targetProxy = 3CA8735B17D9546C0095A557 /* PBXContainerItemProxy */;
		};
/* End PBXTargetDependency section */

/* Begin PBXVariantGroup section */
		3CA8733E17D9546C0095A557 /* InfoPlist.strings */ = {
			isa = PBXVariantGroup;
			children = (
				3CA8733F17D9546C0095A557 /* en */,
			);
			name = InfoPlist.strings;
			sourceTree = "<group>";
		};
		3CA8734717D9546C0095A557 /* Main_iPhone.storyboard */ = {
			isa = PBXVariantGroup;
			children = (
				3CA8734817D9546C0095A557 /* Base */,
			);
			name = Main_iPhone.storyboard;
			sourceTree = "<group>";
		};
		3CA8734A17D9546C0095A557 /* Main_iPad.storyboard */ = {
			isa = PBXVariantGroup;
			children = (
				3CA8734B17D9546C0095A557 /* Base */,
			);
			name = Main_iPad.storyboard;
			sourceTree = "<group>";
		};
		3CA8736017D9546C0095A557 /* InfoPlist.strings */ = {
			isa = PBXVariantGroup;
			children = (
				3CA8736117D9546C0095A557 /* en */,
			);
			name = InfoPlist.strings;
			sourceTree = "<group>";
		};
/* End PBXVariantGroup section */

/* Begin XCBuildConfiguration section */
		3CA8736517D9546C0095A557 /* Debug */ = {
			isa = XCBuildConfiguration;
			buildSettings = {
				ALWAYS_SEARCH_USER_PATHS = NO;
				CLANG_CXX_LANGUAGE_STANDARD = "gnu++0x";
				CLANG_CXX_LIBRARY = "libc++";
				CLANG_ENABLE_MODULES = YES;
				CLANG_ENABLE_OBJC_ARC = YES;
				CLANG_WARN_BOOL_CONVERSION = YES;
				CLANG_WARN_CONSTANT_CONVERSION = YES;
				CLANG_WARN_DIRECT_OBJC_ISA_USAGE = YES_ERROR;
				CLANG_WARN_EMPTY_BODY = YES;
				CLANG_WARN_ENUM_CONVERSION = YES;
				CLANG_WARN_INT_CONVERSION = YES;
				CLANG_WARN_OBJC_ROOT_CLASS = YES_ERROR;
				CLANG_WARN__DUPLICATE_METHOD_MATCH = YES;
				"CODE_SIGN_IDENTITY[sdk=iphoneos*]" = "iPhone Developer";
				COPY_PHASE_STRIP = NO;
				GCC_C_LANGUAGE_STANDARD = gnu99;
				GCC_DYNAMIC_NO_PIC = NO;
				GCC_OPTIMIZATION_LEVEL = 0;
				GCC_PREPROCESSOR_DEFINITIONS = (
					"DEBUG=1",
					"$(inherited)",
				);
				GCC_SYMBOLS_PRIVATE_EXTERN = NO;
				GCC_WARN_ABOUT_RETURN_TYPE = YES_ERROR;
				GCC_WARN_UNDECLARED_SELECTOR = YES;
				GCC_WARN_UNINITIALIZED_AUTOS = YES;
				GCC_WARN_UNUSED_FUNCTION = YES;
				GCC_WARN_UNUSED_VARIABLE = YES;
				IPHONEOS_DEPLOYMENT_TARGET = 7.0;
				ONLY_ACTIVE_ARCH = YES;
				SDKROOT = iphoneos;
				TARGETED_DEVICE_FAMILY = "1,2";
			};
			name = Debug;
		};
		3CA8736617D9546C0095A557 /* Release */ = {
			isa = XCBuildConfiguration;
			buildSettings = {
				ALWAYS_SEARCH_USER_PATHS = NO;
				CLANG_CXX_LANGUAGE_STANDARD = "gnu++0x";
				CLANG_CXX_LIBRARY = "libc++";
				CLANG_ENABLE_MODULES = YES;
				CLANG_ENABLE_OBJC_ARC = YES;
				CLANG_WARN_BOOL_CONVERSION = YES;
				CLANG_WARN_CONSTANT_CONVERSION = YES;
				CLANG_WARN_DIRECT_OBJC_ISA_USAGE = YES_ERROR;
				CLANG_WARN_EMPTY_BODY = YES;
				CLANG_WARN_ENUM_CONVERSION = YES;
				CLANG_WARN_INT_CONVERSION = YES;
				CLANG_WARN_OBJC_ROOT_CLASS = YES_ERROR;
				CLANG_WARN__DUPLICATE_METHOD_MATCH = YES;
				"CODE_SIGN_IDENTITY[sdk=iphoneos*]" = "iPhone Developer";
				COPY_PHASE_STRIP = YES;
				ENABLE_NS_ASSERTIONS = NO;
				GCC_C_LANGUAGE_STANDARD = gnu99;
				GCC_WARN_ABOUT_RETURN_TYPE = YES_ERROR;
				GCC_WARN_UNDECLARED_SELECTOR = YES;
				GCC_WARN_UNINITIALIZED_AUTOS = YES;
				GCC_WARN_UNUSED_FUNCTION = YES;
				GCC_WARN_UNUSED_VARIABLE = YES;
				IPHONEOS_DEPLOYMENT_TARGET = 7.0;
				SDKROOT = iphoneos;
				TARGETED_DEVICE_FAMILY = "1,2";
				VALIDATE_PRODUCT = YES;
			};
			name = Release;
		};
		3CA8736817D9546C0095A557 /* Debug */ = {
			isa = XCBuildConfiguration;
			buildSettings = {
				CODE_SIGN_IDENTITY = "iPhone Developer: Ronald Dickson (C3829LN65T)";
				"CODE_SIGN_IDENTITY[sdk=iphoneos*]" = "iPhone Developer: Ronald Dickson (C3829LN65T)";
				GCC_PRECOMPILE_PREFIX_HEADER = YES;
				GCC_PREFIX_HEADER = "shineeraser/shineeraser-Prefix.pch";
				INFOPLIST_FILE = "shineeraser/shineeraser-Info.plist";
				LIBRARY_SEARCH_PATHS = (
					"$(inherited)",
					"/Users/USMEM-W-003157/Documents/Code/Shineeraser/shineeraser/Flurry",
				);
				PRODUCT_NAME = "$(TARGET_NAME)";
				PROVISIONING_PROFILE = "";
				TARGETED_DEVICE_FAMILY = 1;
				WRAPPER_EXTENSION = app;
			};
			name = Debug;
		};
		3CA8736917D9546C0095A557 /* Release */ = {
			isa = XCBuildConfiguration;
			buildSettings = {
				CODE_SIGN_IDENTITY = "iPhone Developer: Ronald Dickson (C3829LN65T)";
				"CODE_SIGN_IDENTITY[sdk=iphoneos*]" = "iPhone Developer: Ronald Dickson (C3829LN65T)";
				GCC_PRECOMPILE_PREFIX_HEADER = YES;
				GCC_PREFIX_HEADER = "shineeraser/shineeraser-Prefix.pch";
				INFOPLIST_FILE = "shineeraser/shineeraser-Info.plist";
				LIBRARY_SEARCH_PATHS = (
					"$(inherited)",
					"/Users/USMEM-W-003157/Documents/Code/Shineeraser/shineeraser/Flurry",
				);
				PRODUCT_NAME = "$(TARGET_NAME)";
				PROVISIONING_PROFILE = "";
				TARGETED_DEVICE_FAMILY = 1;
				WRAPPER_EXTENSION = app;
			};
			name = Release;
		};
		3CA8736B17D9546C0095A557 /* Debug */ = {
			isa = XCBuildConfiguration;
			buildSettings = {
				BUNDLE_LOADER = "$(BUILT_PRODUCTS_DIR)/shineeraser.app/shineeraser";
				FRAMEWORK_SEARCH_PATHS = (
					"$(SDKROOT)/Developer/Library/Frameworks",
					"$(inherited)",
					"$(DEVELOPER_FRAMEWORKS_DIR)",
				);
				GCC_PRECOMPILE_PREFIX_HEADER = YES;
				GCC_PREFIX_HEADER = "shineeraser/shineeraser-Prefix.pch";
				GCC_PREPROCESSOR_DEFINITIONS = (
					"DEBUG=1",
					"$(inherited)",
				);
				INFOPLIST_FILE = "shineeraserTests/shineeraserTests-Info.plist";
				PRODUCT_NAME = "$(TARGET_NAME)";
				TEST_HOST = "$(BUNDLE_LOADER)";
				WRAPPER_EXTENSION = xctest;
			};
			name = Debug;
		};
		3CA8736C17D9546C0095A557 /* Release */ = {
			isa = XCBuildConfiguration;
			buildSettings = {
				BUNDLE_LOADER = "$(BUILT_PRODUCTS_DIR)/shineeraser.app/shineeraser";
				FRAMEWORK_SEARCH_PATHS = (
					"$(SDKROOT)/Developer/Library/Frameworks",
					"$(inherited)",
					"$(DEVELOPER_FRAMEWORKS_DIR)",
				);
				GCC_PRECOMPILE_PREFIX_HEADER = YES;
				GCC_PREFIX_HEADER = "shineeraser/shineeraser-Prefix.pch";
				INFOPLIST_FILE = "shineeraserTests/shineeraserTests-Info.plist";
				PRODUCT_NAME = "$(TARGET_NAME)";
				TEST_HOST = "$(BUNDLE_LOADER)";
				WRAPPER_EXTENSION = xctest;
			};
			name = Release;
		};
/* End XCBuildConfiguration section */

/* Begin XCConfigurationList section */
		3CA8732D17D9546C0095A557 /* Build configuration list for PBXProject "shineeraser" */ = {
			isa = XCConfigurationList;
			buildConfigurations = (
				3CA8736517D9546C0095A557 /* Debug */,
				3CA8736617D9546C0095A557 /* Release */,
			);
			defaultConfigurationIsVisible = 0;
			defaultConfigurationName = Release;
		};
		3CA8736717D9546C0095A557 /* Build configuration list for PBXNativeTarget "shineeraser" */ = {
			isa = XCConfigurationList;
			buildConfigurations = (
				3CA8736817D9546C0095A557 /* Debug */,
				3CA8736917D9546C0095A557 /* Release */,
			);
			defaultConfigurationIsVisible = 0;
			defaultConfigurationName = Release;
		};
		3CA8736A17D9546C0095A557 /* Build configuration list for PBXNativeTarget "shineeraserTests" */ = {
			isa = XCConfigurationList;
			buildConfigurations = (
				3CA8736B17D9546C0095A557 /* Debug */,
				3CA8736C17D9546C0095A557 /* Release */,
			);
			defaultConfigurationIsVisible = 0;
			defaultConfigurationName = Release;
		};
/* End XCConfigurationList section */
	};
	rootObject = 3CA8732A17D9546C0095A557 /* Project object */;
}
